
Microsoft Visual Studio Solution File, Format Version 12.00
# Visual Studio Version 16
VisualStudioVersion = 16.0.30621.155
MinimumVisualStudioVersion = 10.0.40219.1
Project("{FAE04EC0-301F-11D3-BF4B-00C04F79EFBC}") = "Ls", "Ls.csproj", "{E55F8E20-05FA-434D-A1C2-50E1C391685C}"
EndProject
Global
	GlobalSection(SolutionConfigurationPlatforms) = preSolution
		Debug|Any CPU = Debug|Any CPU
		Release|Any CPU = Release|Any CPU
	EndGlobalSection
	GlobalSection(ProjectConfigurationPlatforms) = postSolution
		{E55F8E20-05FA-434D-A1C2-50E1C391685C}.Debug|Any CPU.ActiveCfg = Debug|Any CPU
		{E55F8E20-05FA-434D-A1C2-50E1C391685C}.Debug|Any CPU.Build.0 = Debug|Any CPU
		{E55F8E20-05FA-434D-A1C2-50E1C391685C}.Release|Any CPU.ActiveCfg = Release|Any CPU
		{E55F8E20-05FA-434D-A1C2-50E1C391685C}.Release|Any CPU.Build.0 = Release|Any CPU
	EndGlobalSection
	GlobalSection(SolutionProperties) = preSolution
		HideSolutionNode = FALSE
	EndGlobalSection
	GlobalSection(ExtensibilityGlobals) = postSolution
		SolutionGuid = {F1FDA925-6263-4507-B1DA-5BB48903D4FD}
	EndGlobalSection
EndGlobal
